
Microsoft Visual Studio Solution File, Format Version 12.00
# Visual Studio Version 17
VisualStudioVersion = 17.1.32407.343
MinimumVisualStudioVersion = 10.0.40219.1
Project("{FAE04EC0-301F-11D3-BF4B-00C04F79EFBC}") = "ShellAndEnum", "ShellAndEnum.csproj", "{9DE8A92C-A25B-4817-AE54-8F99808F4086}"
EndProject
Global
	GlobalSection(SolutionConfigurationPlatforms) = preSolution
		Debug|Any CPU = Debug|Any CPU
		Release|Any CPU = Release|Any CPU
	EndGlobalSection
	GlobalSection(ProjectConfigurationPlatforms) = postSolution
		{9DE8A92C-A25B-4817-AE54-8F99808F4086}.Debug|Any CPU.ActiveCfg = Debug|Any CPU
		{9DE8A92C-A25B-4817-AE54-8F99808F4086}.Debug|Any CPU.Build.0 = Debug|Any CPU
		{9DE8A92C-A25B-4817-AE54-8F99808F4086}.Release|Any CPU.ActiveCfg = Release|Any CPU
		{9DE8A92C-A25B-4817-AE54-8F99808F4086}.Release|Any CPU.Build.0 = Release|Any CPU
	EndGlobalSection
	GlobalSection(SolutionProperties) = preSolution
		HideSolutionNode = FALSE
	EndGlobalSection
	GlobalSection(ExtensibilityGlobals) = postSolution
		SolutionGuid = {E6AFBA6B-8E73-40FE-8144-B5371B313B61}
	EndGlobalSection
EndGlobal
